// !$*UTF8*$!
{
	archiveVersion = 1;
	classes = {
	};
	objectVersion = 46;
	objects = {

/* Begin PBXBuildFile section */
		E0D7D7D218ED39D30015AA8F /* Foundation.framework in Frameworks */ = {isa = PBXBuildFile; fileRef = E0D7D7D118ED39D30015AA8F /* Foundation.framework */; };
		E0D7D7D418ED39D30015AA8F /* CoreGraphics.framework in Frameworks */ = {isa = PBXBuildFile; fileRef = E0D7D7D318ED39D30015AA8F /* CoreGraphics.framework */; };
		E0D7D7D618ED39D30015AA8F /* UIKit.framework in Frameworks */ = {isa = PBXBuildFile; fileRef = E0D7D7D518ED39D30015AA8F /* UIKit.framework */; };
		E0D7D7DC18ED39D30015AA8F /* InfoPlist.strings in Resources */ = {isa = PBXBuildFile; fileRef = E0D7D7DA18ED39D30015AA8F /* InfoPlist.strings */; };
		E0D7D7DE18ED39D30015AA8F /* main.m in Sources */ = {isa = PBXBuildFile; fileRef = E0D7D7DD18ED39D30015AA8F /* main.m */; };
		E0D7D7E218ED39D30015AA8F /* AppDelegate.m in Sources */ = {isa = PBXBuildFile; fileRef = E0D7D7E118ED39D30015AA8F /* AppDelegate.m */; };
		E0D7D7E518ED39D30015AA8F /* Main_iPhone.storyboard in Resources */ = {isa = PBXBuildFile; fileRef = E0D7D7E318ED39D30015AA8F /* Main_iPhone.storyboard */; };
		E0D7D7E818ED39D30015AA8F /* Main_iPad.storyboard in Resources */ = {isa = PBXBuildFile; fileRef = E0D7D7E618ED39D30015AA8F /* Main_iPad.storyboard */; };
		E0D7D7EB18ED39D30015AA8F /* MainViewController.mm in Sources */ = {isa = PBXBuildFile; fileRef = E0D7D7EA18ED39D30015AA8F /* MainViewController.mm */; };
		E0D7D7EE18ED39D30015AA8F /* FlipsideViewController.mm in Sources */ = {isa = PBXBuildFile; fileRef = E0D7D7ED18ED39D30015AA8F /* FlipsideViewController.mm */; };
		E0D7D7F018ED39D30015AA8F /* Images.xcassets in Resources */ = {isa = PBXBuildFile; fileRef = E0D7D7EF18ED39D30015AA8F /* Images.xcassets */; };
		E0D7D7F718ED39D30015AA8F /* XCTest.framework in Frameworks */ = {isa = PBXBuildFile; fileRef = E0D7D7F618ED39D30015AA8F /* XCTest.framework */; };
		E0D7D7F818ED39D30015AA8F /* Foundation.framework in Frameworks */ = {isa = PBXBuildFile; fileRef = E0D7D7D118ED39D30015AA8F /* Foundation.framework */; };
		E0D7D7F918ED39D30015AA8F /* UIKit.framework in Frameworks */ = {isa = PBXBuildFile; fileRef = E0D7D7D518ED39D30015AA8F /* UIKit.framework */; };
		E0D7D80118ED39D30015AA8F /* InfoPlist.strings in Resources */ = {isa = PBXBuildFile; fileRef = E0D7D7FF18ED39D30015AA8F /* InfoPlist.strings */; };
		E0D7D80318ED39D30015AA8F /* SanguoFoodTests.m in Sources */ = {isa = PBXBuildFile; fileRef = E0D7D80218ED39D30015AA8F /* SanguoFoodTests.m */; };
		E0F46AA619C999D7003258AB /* DataPara.mm in Sources */ = {isa = PBXBuildFile; fileRef = E0F46AA119C999D7003258AB /* DataPara.mm */; };
		E0F46AA719C999D7003258AB /* Recorder.mm in Sources */ = {isa = PBXBuildFile; fileRef = E0F46AA319C999D7003258AB /* Recorder.mm */; };
		E0F46AA819C999D7003258AB /* SGSession.mm in Sources */ = {isa = PBXBuildFile; fileRef = E0F46AA519C999D7003258AB /* SGSession.mm */; };
/* End PBXBuildFile section */

/* Begin PBXContainerItemProxy section */
		E0D7D7FA18ED39D30015AA8F /* PBXContainerItemProxy */ = {
			isa = PBXContainerItemProxy;
			containerPortal = E0D7D7C618ED39D20015AA8F /* Project object */;
			proxyType = 1;
			remoteGlobalIDString = E0D7D7CD18ED39D30015AA8F;
			remoteInfo = SanguoFood;
		};
/* End PBXContainerItemProxy section */

/* Begin PBXFileReference section */
		E0D7D7CE18ED39D30015AA8F /* SanguoFood.app */ = {isa = PBXFileReference; explicitFileType = wrapper.application; includeInIndex = 0; path = SanguoFood.app; sourceTree = BUILT_PRODUCTS_DIR; };
		E0D7D7D118ED39D30015AA8F /* Foundation.framework */ = {isa = PBXFileReference; lastKnownFileType = wrapper.framework; name = Foundation.framework; path = System/Library/Frameworks/Foundation.framework; sourceTree = SDKROOT; };
		E0D7D7D318ED39D30015AA8F /* CoreGraphics.framework */ = {isa = PBXFileReference; lastKnownFileType = wrapper.framework; name = CoreGraphics.framework; path = System/Library/Frameworks/CoreGraphics.framework; sourceTree = SDKROOT; };
		E0D7D7D518ED39D30015AA8F /* UIKit.framework */ = {isa = PBXFileReference; lastKnownFileType = wrapper.framework; name = UIKit.framework; path = System/Library/Frameworks/UIKit.framework; sourceTree = SDKROOT; };
		E0D7D7D918ED39D30015AA8F /* SanguoFood-Info.plist */ = {isa = PBXFileReference; lastKnownFileType = text.plist.xml; path = "SanguoFood-Info.plist"; sourceTree = "<group>"; };
		E0D7D7DB18ED39D30015AA8F /* en */ = {isa = PBXFileReference; lastKnownFileType = text.plist.strings; name = en; path = en.lproj/InfoPlist.strings; sourceTree = "<group>"; };
		E0D7D7DD18ED39D30015AA8F /* main.m */ = {isa = PBXFileReference; lastKnownFileType = sourcecode.c.objc; path = main.m; sourceTree = "<group>"; };
		E0D7D7DF18ED39D30015AA8F /* SanguoFood-Prefix.pch */ = {isa = PBXFileReference; lastKnownFileType = sourcecode.c.h; path = "SanguoFood-Prefix.pch"; sourceTree = "<group>"; };
		E0D7D7E018ED39D30015AA8F /* AppDelegate.h */ = {isa = PBXFileReference; lastKnownFileType = sourcecode.c.h; path = AppDelegate.h; sourceTree = "<group>"; };
		E0D7D7E118ED39D30015AA8F /* AppDelegate.m */ = {isa = PBXFileReference; lastKnownFileType = sourcecode.c.objc; path = AppDelegate.m; sourceTree = "<group>"; };
		E0D7D7E418ED39D30015AA8F /* Base */ = {isa = PBXFileReference; lastKnownFileType = file.storyboard; name = Base; path = Base.lproj/Main_iPhone.storyboard; sourceTree = "<group>"; };
		E0D7D7E718ED39D30015AA8F /* Base */ = {isa = PBXFileReference; lastKnownFileType = file.storyboard; name = Base; path = Base.lproj/Main_iPad.storyboard; sourceTree = "<group>"; };
		E0D7D7E918ED39D30015AA8F /* MainViewController.h */ = {isa = PBXFileReference; lastKnownFileType = sourcecode.c.h; path = MainViewController.h; sourceTree = "<group>"; };
		E0D7D7EA18ED39D30015AA8F /* MainViewController.mm */ = {isa = PBXFileReference; lastKnownFileType = sourcecode.cpp.objcpp; path = MainViewController.mm; sourceTree = "<group>"; };
		E0D7D7EC18ED39D30015AA8F /* FlipsideViewController.h */ = {isa = PBXFileReference; lastKnownFileType = sourcecode.c.h; path = FlipsideViewController.h; sourceTree = "<group>"; };
		E0D7D7ED18ED39D30015AA8F /* FlipsideViewController.mm */ = {isa = PBXFileReference; lastKnownFileType = sourcecode.cpp.objcpp; path = FlipsideViewController.mm; sourceTree = "<group>"; };
		E0D7D7EF18ED39D30015AA8F /* Images.xcassets */ = {isa = PBXFileReference; lastKnownFileType = folder.assetcatalog; path = Images.xcassets; sourceTree = "<group>"; };
		E0D7D7F518ED39D30015AA8F /* SanguoFoodTests.xctest */ = {isa = PBXFileReference; explicitFileType = wrapper.cfbundle; includeInIndex = 0; path = SanguoFoodTests.xctest; sourceTree = BUILT_PRODUCTS_DIR; };
		E0D7D7F618ED39D30015AA8F /* XCTest.framework */ = {isa = PBXFileReference; lastKnownFileType = wrapper.framework; name = XCTest.framework; path = Library/Frameworks/XCTest.framework; sourceTree = DEVELOPER_DIR; };
		E0D7D7FE18ED39D30015AA8F /* SanguoFoodTests-Info.plist */ = {isa = PBXFileReference; lastKnownFileType = text.plist.xml; path = "SanguoFoodTests-Info.plist"; sourceTree = "<group>"; };
		E0D7D80018ED39D30015AA8F /* en */ = {isa = PBXFileReference; lastKnownFileType = text.plist.strings; name = en; path = en.lproj/InfoPlist.strings; sourceTree = "<group>"; };
		E0D7D80218ED39D30015AA8F /* SanguoFoodTests.m */ = {isa = PBXFileReference; lastKnownFileType = sourcecode.c.objc; path = SanguoFoodTests.m; sourceTree = "<group>"; };
		E0F46AA019C999D7003258AB /* DataPara.h */ = {isa = PBXFileReference; fileEncoding = 4; lastKnownFileType = sourcecode.c.h; name = DataPara.h; path = ../../Sanguolaile_Tool/DataPara.h; sourceTree = "<group>"; };
		E0F46AA119C999D7003258AB /* DataPara.mm */ = {isa = PBXFileReference; fileEncoding = 4; lastKnownFileType = sourcecode.cpp.objcpp; name = DataPara.mm; path = ../../Sanguolaile_Tool/DataPara.mm; sourceTree = "<group>"; };
		E0F46AA219C999D7003258AB /* Recorder.h */ = {isa = PBXFileReference; fileEncoding = 4; lastKnownFileType = sourcecode.c.h; name = Recorder.h; path = ../../Sanguolaile_Tool/Recorder.h; sourceTree = "<group>"; };
		E0F46AA319C999D7003258AB /* Recorder.mm */ = {isa = PBXFileReference; fileEncoding = 4; lastKnownFileType = sourcecode.cpp.objcpp; name = Recorder.mm; path = ../../Sanguolaile_Tool/Recorder.mm; sourceTree = "<group>"; };
		E0F46AA419C999D7003258AB /* SGSession.h */ = {isa = PBXFileReference; fileEncoding = 4; lastKnownFileType = sourcecode.c.h; name = SGSession.h; path = ../../Sanguolaile_Tool/SGSession.h; sourceTree = "<group>"; };
		E0F46AA519C999D7003258AB /* SGSession.mm */ = {isa = PBXFileReference; fileEncoding = 4; lastKnownFileType = sourcecode.cpp.objcpp; name = SGSession.mm; path = ../../Sanguolaile_Tool/SGSession.mm; sourceTree = "<group>"; };
/* End PBXFileReference section */

/* Begin PBXFrameworksBuildPhase section */
		E0D7D7CB18ED39D30015AA8F /* Frameworks */ = {
			isa = PBXFrameworksBuildPhase;
			buildActionMask = 2147483647;
			files = (
				E0D7D7D418ED39D30015AA8F /* CoreGraphics.framework in Frameworks */,
				E0D7D7D618ED39D30015AA8F /* UIKit.framework in Frameworks */,
				E0D7D7D218ED39D30015AA8F /* Foundation.framework in Frameworks */,
			);
			runOnlyForDeploymentPostprocessing = 0;
		};
		E0D7D7F218ED39D30015AA8F /* Frameworks */ = {
			isa = PBXFrameworksBuildPhase;
			buildActionMask = 2147483647;
			files = (
				E0D7D7F718ED39D30015AA8F /* XCTest.framework in Frameworks */,
				E0D7D7F918ED39D30015AA8F /* UIKit.framework in Frameworks */,
				E0D7D7F818ED39D30015AA8F /* Foundation.framework in Frameworks */,
			);
			runOnlyForDeploymentPostprocessing = 0;
		};
/* End PBXFrameworksBuildPhase section */

/* Begin PBXGroup section */
		E0D7D7C518ED39D20015AA8F = {
			isa = PBXGroup;
			children = (
				E0D7D7D718ED39D30015AA8F /* SanguoFood */,
				E0D7D7FC18ED39D30015AA8F /* SanguoFoodTests */,
				E0D7D7D018ED39D30015AA8F /* Frameworks */,
				E0D7D7CF18ED39D30015AA8F /* Products */,
			);
			sourceTree = "<group>";
		};
		E0D7D7CF18ED39D30015AA8F /* Products */ = {
			isa = PBXGroup;
			children = (
				E0D7D7CE18ED39D30015AA8F /* SanguoFood.app */,
				E0D7D7F518ED39D30015AA8F /* SanguoFoodTests.xctest */,
			);
			name = Products;
			sourceTree = "<group>";
		};
		E0D7D7D018ED39D30015AA8F /* Frameworks */ = {
			isa = PBXGroup;
			children = (
				E0D7D7D118ED39D30015AA8F /* Foundation.framework */,
				E0D7D7D318ED39D30015AA8F /* CoreGraphics.framework */,
				E0D7D7D518ED39D30015AA8F /* UIKit.framework */,
				E0D7D7F618ED39D30015AA8F /* XCTest.framework */,
			);
			name = Frameworks;
			sourceTree = "<group>";
		};
		E0D7D7D718ED39D30015AA8F /* SanguoFood */ = {
			isa = PBXGroup;
			children = (
				E0F46AA019C999D7003258AB /* DataPara.h */,
				E0F46AA119C999D7003258AB /* DataPara.mm */,
				E0F46AA219C999D7003258AB /* Recorder.h */,
				E0F46AA319C999D7003258AB /* Recorder.mm */,
				E0F46AA419C999D7003258AB /* SGSession.h */,
				E0F46AA519C999D7003258AB /* SGSession.mm */,
				E0D7D7E018ED39D30015AA8F /* AppDelegate.h */,
				E0D7D7E118ED39D30015AA8F /* AppDelegate.m */,
				E0D7D7E318ED39D30015AA8F /* Main_iPhone.storyboard */,
				E0D7D7E618ED39D30015AA8F /* Main_iPad.storyboard */,
				E0D7D7E918ED39D30015AA8F /* MainViewController.h */,
				E0D7D7EA18ED39D30015AA8F /* MainViewController.mm */,
				E0D7D7EC18ED39D30015AA8F /* FlipsideViewController.h */,
				E0D7D7ED18ED39D30015AA8F /* FlipsideViewController.mm */,
				E0D7D7EF18ED39D30015AA8F /* Images.xcassets */,
				E0D7D7D818ED39D30015AA8F /* Supporting Files */,
			);
			path = SanguoFood;
			sourceTree = "<group>";
		};
		E0D7D7D818ED39D30015AA8F /* Supporting Files */ = {
			isa = PBXGroup;
			children = (
				E0D7D7D918ED39D30015AA8F /* SanguoFood-Info.plist */,
				E0D7D7DA18ED39D30015AA8F /* InfoPlist.strings */,
				E0D7D7DD18ED39D30015AA8F /* main.m */,
				E0D7D7DF18ED39D30015AA8F /* SanguoFood-Prefix.pch */,
			);
			name = "Supporting Files";
			sourceTree = "<group>";
		};
		E0D7D7FC18ED39D30015AA8F /* SanguoFoodTests */ = {
			isa = PBXGroup;
			children = (
				E0D7D80218ED39D30015AA8F /* SanguoFoodTests.m */,
				E0D7D7FD18ED39D30015AA8F /* Supporting Files */,
			);
			path = SanguoFoodTests;
			sourceTree = "<group>";
		};
		E0D7D7FD18ED39D30015AA8F /* Supporting Files */ = {
			isa = PBXGroup;
			children = (
				E0D7D7FE18ED39D30015AA8F /* SanguoFoodTests-Info.plist */,
				E0D7D7FF18ED39D30015AA8F /* InfoPlist.strings */,
			);
			name = "Supporting Files";
			sourceTree = "<group>";
		};
/* End PBXGroup section */

/* Begin PBXNativeTarget section */
		E0D7D7CD18ED39D30015AA8F /* SanguoFood */ = {
			isa = PBXNativeTarget;
			buildConfigurationList = E0D7D80618ED39D30015AA8F /* Build configuration list for PBXNativeTarget "SanguoFood" */;
			buildPhases = (
				E0D7D7CA18ED39D30015AA8F /* Sources */,
				E0D7D7CB18ED39D30015AA8F /* Frameworks */,
				E0D7D7CC18ED39D30015AA8F /* Resources */,
			);
			buildRules = (
			);
			dependencies = (
			);
			name = SanguoFood;
			productName = SanguoFood;
			productReference = E0D7D7CE18ED39D30015AA8F /* SanguoFood.app */;
			productType = "com.apple.product-type.application";
		};
		E0D7D7F418ED39D30015AA8F /* SanguoFoodTests */ = {
			isa = PBXNativeTarget;
			buildConfigurationList = E0D7D80918ED39D30015AA8F /* Build configuration list for PBXNativeTarget "SanguoFoodTests" */;
			buildPhases = (
				E0D7D7F118ED39D30015AA8F /* Sources */,
				E0D7D7F218ED39D30015AA8F /* Frameworks */,
				E0D7D7F318ED39D30015AA8F /* Resources */,
			);
			buildRules = (
			);
			dependencies = (
				E0D7D7FB18ED39D30015AA8F /* PBXTargetDependency */,
			);
			name = SanguoFoodTests;
			productName = SanguoFoodTests;
			productReference = E0D7D7F518ED39D30015AA8F /* SanguoFoodTests.xctest */;
			productType = "com.apple.product-type.bundle.unit-test";
		};
/* End PBXNativeTarget section */

/* Begin PBXProject section */
		E0D7D7C618ED39D20015AA8F /* Project object */ = {
			isa = PBXProject;
			attributes = {
				LastUpgradeCheck = 0500;
				ORGANIZATIONNAME = shawnsong;
				TargetAttributes = {
					E0D7D7F418ED39D30015AA8F = {
						TestTargetID = E0D7D7CD18ED39D30015AA8F;
					};
				};
			};
			buildConfigurationList = E0D7D7C918ED39D20015AA8F /* Build configuration list for PBXProject "SanguoFood" */;
			compatibilityVersion = "Xcode 3.2";
			developmentRegion = English;
			hasScannedForEncodings = 0;
			knownRegions = (
				en,
				Base,
			);
			mainGroup = E0D7D7C518ED39D20015AA8F;
			productRefGroup = E0D7D7CF18ED39D30015AA8F /* Products */;
			projectDirPath = "";
			projectRoot = "";
			targets = (
				E0D7D7CD18ED39D30015AA8F /* SanguoFood */,
				E0D7D7F418ED39D30015AA8F /* SanguoFoodTests */,
			);
		};
/* End PBXProject section */

/* Begin PBXResourcesBuildPhase section */
		E0D7D7CC18ED39D30015AA8F /* Resources */ = {
			isa = PBXResourcesBuildPhase;
			buildActionMask = 2147483647;
			files = (
				E0D7D7E818ED39D30015AA8F /* Main_iPad.storyboard in Resources */,
				E0D7D7F018ED39D30015AA8F /* Images.xcassets in Resources */,
				E0D7D7E518ED39D30015AA8F /* Main_iPhone.storyboard in Resources */,
				E0D7D7DC18ED39D30015AA8F /* InfoPlist.strings in Resources */,
			);
			runOnlyForDeploymentPostprocessing = 0;
		};
		E0D7D7F318ED39D30015AA8F /* Resources */ = {
			isa = PBXResourcesBuildPhase;
			buildActionMask = 2147483647;
			files = (
				E0D7D80118ED39D30015AA8F /* InfoPlist.strings in Resources */,
			);
			runOnlyForDeploymentPostprocessing = 0;
		};
/* End PBXResourcesBuildPhase section */

/* Begin PBXSourcesBuildPhase section */
		E0D7D7CA18ED39D30015AA8F /* Sources */ = {
			isa = PBXSourcesBuildPhase;
			buildActionMask = 2147483647;
			files = (
				E0F46AA819C999D7003258AB /* SGSession.mm in Sources */,
				E0D7D7E218ED39D30015AA8F /* AppDelegate.m in Sources */,
				E0D7D7EB18ED39D30015AA8F /* MainViewController.mm in Sources */,
				E0F46AA619C999D7003258AB /* DataPara.mm in Sources */,
				E0D7D7EE18ED39D30015AA8F /* FlipsideViewController.mm in Sources */,
				E0D7D7DE18ED39D30015AA8F /* main.m in Sources */,
				E0F46AA719C999D7003258AB /* Recorder.mm in Sources */,
			);
			runOnlyForDeploymentPostprocessing = 0;
		};
		E0D7D7F118ED39D30015AA8F /* Sources */ = {
			isa = PBXSourcesBuildPhase;
			buildActionMask = 2147483647;
			files = (
				E0D7D80318ED39D30015AA8F /* SanguoFoodTests.m in Sources */,
			);
			runOnlyForDeploymentPostprocessing = 0;
		};
/* End PBXSourcesBuildPhase section */

/* Begin PBXTargetDependency section */
		E0D7D7FB18ED39D30015AA8F /* PBXTargetDependency */ = {
			isa = PBXTargetDependency;
			target = E0D7D7CD18ED39D30015AA8F /* SanguoFood */;
			targetProxy = E0D7D7FA18ED39D30015AA8F /* PBXContainerItemProxy */;
		};
/* End PBXTargetDependency section */

/* Begin PBXVariantGroup section */
		E0D7D7DA18ED39D30015AA8F /* InfoPlist.strings */ = {
			isa = PBXVariantGroup;
			children = (
				E0D7D7DB18ED39D30015AA8F /* en */,
			);
			name = InfoPlist.strings;
			sourceTree = "<group>";
		};
		E0D7D7E318ED39D30015AA8F /* Main_iPhone.storyboard */ = {
			isa = PBXVariantGroup;
			children = (
				E0D7D7E418ED39D30015AA8F /* Base */,
			);
			name = Main_iPhone.storyboard;
			sourceTree = "<group>";
		};
		E0D7D7E618ED39D30015AA8F /* Main_iPad.storyboard */ = {
			isa = PBXVariantGroup;
			children = (
				E0D7D7E718ED39D30015AA8F /* Base */,
			);
			name = Main_iPad.storyboard;
			sourceTree = "<group>";
		};
		E0D7D7FF18ED39D30015AA8F /* InfoPlist.strings */ = {
			isa = PBXVariantGroup;
			children = (
				E0D7D80018ED39D30015AA8F /* en */,
			);
			name = InfoPlist.strings;
			sourceTree = "<group>";
		};
/* End PBXVariantGroup section */

/* Begin XCBuildConfiguration section */
		E0D7D80418ED39D30015AA8F /* Debug */ = {
			isa = XCBuildConfiguration;
			buildSettings = {
				ALWAYS_SEARCH_USER_PATHS = NO;
				ARCHS = "$(ARCHS_STANDARD_INCLUDING_64_BIT)";
				CLANG_CXX_LANGUAGE_STANDARD = "gnu++0x";
				CLANG_CXX_LIBRARY = "libc++";
				CLANG_ENABLE_MODULES = YES;
				CLANG_ENABLE_OBJC_ARC = YES;
				CLANG_WARN_BOOL_CONVERSION = YES;
				CLANG_WARN_CONSTANT_CONVERSION = YES;
				CLANG_WARN_DIRECT_OBJC_ISA_USAGE = YES_ERROR;
				CLANG_WARN_EMPTY_BODY = YES;
				CLANG_WARN_ENUM_CONVERSION = YES;
				CLANG_WARN_INT_CONVERSION = YES;
				CLANG_WARN_OBJC_ROOT_CLASS = YES_ERROR;
				CLANG_WARN__DUPLICATE_METHOD_MATCH = YES;
				CODE_SIGN_IDENTITY = "iPhone Distribution: song wei (8228768954)";
				"CODE_SIGN_IDENTITY[sdk=iphoneos*]" = "iPhone Distribution: song wei (8228768954)";
				COPY_PHASE_STRIP = YES;
				GCC_C_LANGUAGE_STANDARD = gnu99;
				GCC_DYNAMIC_NO_PIC = YES;
				GCC_OPTIMIZATION_LEVEL = 0;
				GCC_PREPROCESSOR_DEFINITIONS = (
					"DEBUG=1",
					"$(inherited)",
				);
				GCC_SYMBOLS_PRIVATE_EXTERN = NO;
				GCC_WARN_64_TO_32_BIT_CONVERSION = YES;
				GCC_WARN_ABOUT_RETURN_TYPE = YES_ERROR;
				GCC_WARN_UNDECLARED_SELECTOR = YES;
				GCC_WARN_UNINITIALIZED_AUTOS = YES;
				GCC_WARN_UNUSED_FUNCTION = YES;
				GCC_WARN_UNUSED_VARIABLE = YES;
				IPHONEOS_DEPLOYMENT_TARGET = 7.0;
				ONLY_ACTIVE_ARCH = YES;
				PROVISIONING_PROFILE = "E53C3816-0839-4BB0-82D1-1B74AE1461ED";
				SDKROOT = iphoneos;
				TARGETED_DEVICE_FAMILY = "1,2";
				VALIDATE_PRODUCT = YES;
			};
			name = Debug;
		};
		E0D7D80518ED39D30015AA8F /* Release */ = {
			isa = XCBuildConfiguration;
			buildSettings = {
				ALWAYS_SEARCH_USER_PATHS = NO;
				ARCHS = "$(ARCHS_STANDARD_INCLUDING_64_BIT)";
				CLANG_CXX_LANGUAGE_STANDARD = "gnu++0x";
				CLANG_CXX_LIBRARY = "libc++";
				CLANG_ENABLE_MODULES = YES;
				CLANG_ENABLE_OBJC_ARC = YES;
				CLANG_WARN_BOOL_CONVERSION = YES;
				CLANG_WARN_CONSTANT_CONVERSION = YES;
				CLANG_WARN_DIRECT_OBJC_ISA_USAGE = YES_ERROR;
				CLANG_WARN_EMPTY_BODY = YES;
				CLANG_WARN_ENUM_CONVERSION = YES;
				CLANG_WARN_INT_CONVERSION = YES;
				CLANG_WARN_OBJC_ROOT_CLASS = YES_ERROR;
				CLANG_WARN__DUPLICATE_METHOD_MATCH = YES;
				CODE_SIGN_IDENTITY = "iPhone Distribution: song wei (8228768954)";
				"CODE_SIGN_IDENTITY[sdk=iphoneos*]" = "iPhone Distribution: song wei (8228768954)";
				COPY_PHASE_STRIP = YES;
				ENABLE_NS_ASSERTIONS = NO;
				GCC_C_LANGUAGE_STANDARD = gnu99;
				GCC_DYNAMIC_NO_PIC = YES;
				GCC_WARN_64_TO_32_BIT_CONVERSION = YES;
				GCC_WARN_ABOUT_RETURN_TYPE = YES_ERROR;
				GCC_WARN_UNDECLARED_SELECTOR = YES;
				GCC_WARN_UNINITIALIZED_AUTOS = YES;
				GCC_WARN_UNUSED_FUNCTION = YES;
				GCC_WARN_UNUSED_VARIABLE = YES;
				IPHONEOS_DEPLOYMENT_TARGET = 7.0;
				PROVISIONING_PROFILE = "E53C3816-0839-4BB0-82D1-1B74AE1461ED";
				SDKROOT = iphoneos;
				TARGETED_DEVICE_FAMILY = "1,2";
				VALIDATE_PRODUCT = YES;
			};
			name = Release;
		};
		E0D7D80718ED39D30015AA8F /* Debug */ = {
			isa = XCBuildConfiguration;
			buildSettings = {
				ASSETCATALOG_COMPILER_APPICON_NAME = AppIcon;
				ASSETCATALOG_COMPILER_LAUNCHIMAGE_NAME = LaunchImage;
				CODE_SIGN_IDENTITY = "iPhone Distribution: song wei (8228768954)";
				GCC_PRECOMPILE_PREFIX_HEADER = YES;
				GCC_PREFIX_HEADER = "SanguoFood/SanguoFood-Prefix.pch";
				INFOPLIST_FILE = "SanguoFood/SanguoFood-Info.plist";
				PRODUCT_NAME = "$(TARGET_NAME)";
				PROVISIONING_PROFILE = "1F074793-045A-4132-8B7B-8A47C016D450";
				WRAPPER_EXTENSION = app;
			};
			name = Debug;
		};
		E0D7D80818ED39D30015AA8F /* Release */ = {
			isa = XCBuildConfiguration;
			buildSettings = {
				ASSETCATALOG_COMPILER_APPICON_NAME = AppIcon;
				ASSETCATALOG_COMPILER_LAUNCHIMAGE_NAME = LaunchImage;
				CODE_SIGN_IDENTITY = "iPhone Distribution: song wei (8228768954)";
				GCC_PRECOMPILE_PREFIX_HEADER = YES;
				GCC_PREFIX_HEADER = "SanguoFood/SanguoFood-Prefix.pch";
				INFOPLIST_FILE = "SanguoFood/SanguoFood-Info.plist";
				PRODUCT_NAME = "$(TARGET_NAME)";
				PROVISIONING_PROFILE = "1F074793-045A-4132-8B7B-8A47C016D450";
				WRAPPER_EXTENSION = app;
			};
			name = Release;
		};
		E0D7D80A18ED39D30015AA8F /* Debug */ = {
			isa = XCBuildConfiguration;
			buildSettings = {
				ARCHS = "$(ARCHS_STANDARD_INCLUDING_64_BIT)";
				BUNDLE_LOADER = "$(BUILT_PRODUCTS_DIR)/SanguoFood.app/SanguoFood";
				FRAMEWORK_SEARCH_PATHS = (
					"$(SDKROOT)/Developer/Library/Frameworks",
					"$(inherited)",
					"$(DEVELOPER_FRAMEWORKS_DIR)",
				);
				GCC_PRECOMPILE_PREFIX_HEADER = YES;
				GCC_PREFIX_HEADER = "SanguoFood/SanguoFood-Prefix.pch";
				GCC_PREPROCESSOR_DEFINITIONS = (
					"DEBUG=1",
					"$(inherited)",
				);
				INFOPLIST_FILE = "SanguoFoodTests/SanguoFoodTests-Info.plist";
				PRODUCT_NAME = "$(TARGET_NAME)";
				TEST_HOST = "$(BUNDLE_LOADER)";
				WRAPPER_EXTENSION = xctest;
			};
			name = Debug;
		};
		E0D7D80B18ED39D30015AA8F /* Release */ = {
			isa = XCBuildConfiguration;
			buildSettings = {
				ARCHS = "$(ARCHS_STANDARD_INCLUDING_64_BIT)";
				BUNDLE_LOADER = "$(BUILT_PRODUCTS_DIR)/SanguoFood.app/SanguoFood";
				FRAMEWORK_SEARCH_PATHS = (
					"$(SDKROOT)/Developer/Library/Frameworks",
					"$(inherited)",
					"$(DEVELOPER_FRAMEWORKS_DIR)",
				);
				GCC_PRECOMPILE_PREFIX_HEADER = YES;
				GCC_PREFIX_HEADER = "SanguoFood/SanguoFood-Prefix.pch";
				INFOPLIST_FILE = "SanguoFoodTests/SanguoFoodTests-Info.plist";
				PRODUCT_NAME = "$(TARGET_NAME)";
				TEST_HOST = "$(BUNDLE_LOADER)";
				WRAPPER_EXTENSION = xctest;
			};
			name = Release;
		};
/* End XCBuildConfiguration section */

/* Begin XCConfigurationList section */
		E0D7D7C918ED39D20015AA8F /* Build configuration list for PBXProject "SanguoFood" */ = {
			isa = XCConfigurationList;
			buildConfigurations = (
				E0D7D80418ED39D30015AA8F /* Debug */,
				E0D7D80518ED39D30015AA8F /* Release */,
			);
			defaultConfigurationIsVisible = 0;
			defaultConfigurationName = Release;
		};
		E0D7D80618ED39D30015AA8F /* Build configuration list for PBXNativeTarget "SanguoFood" */ = {
			isa = XCConfigurationList;
			buildConfigurations = (
				E0D7D80718ED39D30015AA8F /* Debug */,
				E0D7D80818ED39D30015AA8F /* Release */,
			);
			defaultConfigurationIsVisible = 0;
			defaultConfigurationName = Release;
		};
		E0D7D80918ED39D30015AA8F /* Build configuration list for PBXNativeTarget "SanguoFoodTests" */ = {
			isa = XCConfigurationList;
			buildConfigurations = (
				E0D7D80A18ED39D30015AA8F /* Debug */,
				E0D7D80B18ED39D30015AA8F /* Release */,
			);
			defaultConfigurationIsVisible = 0;
			defaultConfigurationName = Release;
		};
/* End XCConfigurationList section */
	};
	rootObject = E0D7D7C618ED39D20015AA8F /* Project object */;
}
